
Microsoft Visual Studio Solution File, Format Version 11.00
# Visual Studio 2010
Project("{E24C65DC-7377-472B-9ABA-BC803B73C61A}") = "IntroduccionValidadores", ".", "{5AC6ACE2-0602-47A7-B55D-EBB775C118BB}"
	ProjectSection(WebsiteProperties) = preProject
		TargetFrameworkMoniker = ".NETFramework,Version%3Dv2.0"
		Debug.AspNetCompiler.VirtualPath = "/IntroduccionValidadores"
		Debug.AspNetCompiler.PhysicalPath = "..\..\..\..\..\..\IntroduccionValidadores\"
		Debug.AspNetCompiler.TargetPath = "PrecompiledWeb\IntroduccionValidadores\"
		Debug.AspNetCompiler.Updateable = "true"
		Debug.AspNetCompiler.ForceOverwrite = "true"
		Debug.AspNetCompiler.FixedNames = "false"
		Debug.AspNetCompiler.Debug = "True"
		Release.AspNetCompiler.VirtualPath = "/IntroduccionValidadores"
		Release.AspNetCompiler.PhysicalPath = "..\..\..\..\..\..\IntroduccionValidadores\"
		Release.AspNetCompiler.TargetPath = "PrecompiledWeb\IntroduccionValidadores\"
		Release.AspNetCompiler.Updateable = "true"
		Release.AspNetCompiler.ForceOverwrite = "true"
		Release.AspNetCompiler.FixedNames = "false"
		Release.AspNetCompiler.Debug = "False"
		VWDPort = "3018"
	EndProjectSection
EndProject
Global
	GlobalSection(SolutionConfigurationPlatforms) = preSolution
		Debug|.NET = Debug|.NET
	EndGlobalSection
	GlobalSection(ProjectConfigurationPlatforms) = postSolution
		{5AC6ACE2-0602-47A7-B55D-EBB775C118BB}.Debug|.NET.ActiveCfg = Debug|.NET
		{5AC6ACE2-0602-47A7-B55D-EBB775C118BB}.Debug|.NET.Build.0 = Debug|.NET
	EndGlobalSection
	GlobalSection(SolutionProperties) = preSolution
		HideSolutionNode = FALSE
	EndGlobalSection
EndGlobal
